
Microsoft Visual Studio Solution File, Format Version 12.00
# Visual Studio Version 16
VisualStudioVersion = 16.0.30225.117
MinimumVisualStudioVersion = 10.0.40219.1
Project("{F184B08F-C81C-45F6-A57F-5ABD9991F28F}") = "EditableAndNonEditableAreas", "EditableAndNonEditableAreas\EditableAndNonEditableAreas.vbproj", "{9FE02D59-B873-465E-BD8F-646EB17A962E}"
EndProject
Global
	GlobalSection(SolutionConfigurationPlatforms) = preSolution
		Debug|Any CPU = Debug|Any CPU
		Release|Any CPU = Release|Any CPU
	EndGlobalSection
	GlobalSection(ProjectConfigurationPlatforms) = postSolution
		{9FE02D59-B873-465E-BD8F-646EB17A962E}.Debug|Any CPU.ActiveCfg = Debug|Any CPU
		{9FE02D59-B873-465E-BD8F-646EB17A962E}.Debug|Any CPU.Build.0 = Debug|Any CPU
		{9FE02D59-B873-465E-BD8F-646EB17A962E}.Release|Any CPU.ActiveCfg = Release|Any CPU
		{9FE02D59-B873-465E-BD8F-646EB17A962E}.Release|Any CPU.Build.0 = Release|Any CPU
	EndGlobalSection
	GlobalSection(SolutionProperties) = preSolution
		HideSolutionNode = FALSE
	EndGlobalSection
	GlobalSection(ExtensibilityGlobals) = postSolution
		SolutionGuid = {928C1645-1A00-4B45-B361-D1E640F8FF5B}
	EndGlobalSection
EndGlobal
